
Microsoft Visual Studio Solution File, Format Version 12.00
# Visual Studio Version 17
VisualStudioVersion = 17.5.002.0
MinimumVisualStudioVersion = 10.0.40219.1
Project("{9A19103F-16F7-4668-BE54-9A1E7A4F7556}") = "FilaEstatica", "FilaEstatica\FilaEstatica.csproj", "{434D874A-6474-470E-BDA2-E027287BEB2A}"
EndProject
Project("{9A19103F-16F7-4668-BE54-9A1E7A4F7556}") = "ListaEstatica", "ListaEstatica\ListaEstatica.csproj", "{1193B069-6190-49BD-9BA0-65D2CA1E22FB}"
EndProject
Project("{9A19103F-16F7-4668-BE54-9A1E7A4F7556}") = "PilhaEstatica", "PilhaEstatica\PilhaEstatica.csproj", "{871C2109-FFA6-4C7A-90B9-A2D0C5985A31}"
EndProject
Global
	GlobalSection(SolutionConfigurationPlatforms) = preSolution
		Debug|Any CPU = Debug|Any CPU
		Release|Any CPU = Release|Any CPU
	EndGlobalSection
	GlobalSection(ProjectConfigurationPlatforms) = postSolution
		{434D874A-6474-470E-BDA2-E027287BEB2A}.Debug|Any CPU.ActiveCfg = Debug|Any CPU
		{434D874A-6474-470E-BDA2-E027287BEB2A}.Debug|Any CPU.Build.0 = Debug|Any CPU
		{434D874A-6474-470E-BDA2-E027287BEB2A}.Release|Any CPU.ActiveCfg = Release|Any CPU
		{434D874A-6474-470E-BDA2-E027287BEB2A}.Release|Any CPU.Build.0 = Release|Any CPU
		{1193B069-6190-49BD-9BA0-65D2CA1E22FB}.Debug|Any CPU.ActiveCfg = Debug|Any CPU
		{1193B069-6190-49BD-9BA0-65D2CA1E22FB}.Debug|Any CPU.Build.0 = Debug|Any CPU
		{1193B069-6190-49BD-9BA0-65D2CA1E22FB}.Release|Any CPU.ActiveCfg = Release|Any CPU
		{1193B069-6190-49BD-9BA0-65D2CA1E22FB}.Release|Any CPU.Build.0 = Release|Any CPU
		{871C2109-FFA6-4C7A-90B9-A2D0C5985A31}.Debug|Any CPU.ActiveCfg = Debug|Any CPU
		{871C2109-FFA6-4C7A-90B9-A2D0C5985A31}.Debug|Any CPU.Build.0 = Debug|Any CPU
		{871C2109-FFA6-4C7A-90B9-A2D0C5985A31}.Release|Any CPU.ActiveCfg = Release|Any CPU
		{871C2109-FFA6-4C7A-90B9-A2D0C5985A31}.Release|Any CPU.Build.0 = Release|Any CPU
	EndGlobalSection
	GlobalSection(SolutionProperties) = preSolution
		HideSolutionNode = FALSE
	EndGlobalSection
	GlobalSection(ExtensibilityGlobals) = postSolution
		SolutionGuid = {F378A2A3-30A4-4848-8D01-9E75CDE9C7F2}
	EndGlobalSection
EndGlobal
