
Microsoft Visual Studio Solution File, Format Version 12.00
# Visual Studio Version 17
VisualStudioVersion = 17.5.002.0
MinimumVisualStudioVersion = 10.0.40219.1
Project("{9A19103F-16F7-4668-BE54-9A1E7A4F7556}") = "PilhaEstatica", "PilhaEstatica\PilhaEstatica.csproj", "{38EDC8A7-C009-4D1A-AF24-89F64D5AB576}"
EndProject
Global
	GlobalSection(SolutionConfigurationPlatforms) = preSolution
		Debug|Any CPU = Debug|Any CPU
		Release|Any CPU = Release|Any CPU
	EndGlobalSection
	GlobalSection(ProjectConfigurationPlatforms) = postSolution
		{38EDC8A7-C009-4D1A-AF24-89F64D5AB576}.Debug|Any CPU.ActiveCfg = Debug|Any CPU
		{38EDC8A7-C009-4D1A-AF24-89F64D5AB576}.Debug|Any CPU.Build.0 = Debug|Any CPU
		{38EDC8A7-C009-4D1A-AF24-89F64D5AB576}.Release|Any CPU.ActiveCfg = Release|Any CPU
		{38EDC8A7-C009-4D1A-AF24-89F64D5AB576}.Release|Any CPU.Build.0 = Release|Any CPU
	EndGlobalSection
	GlobalSection(SolutionProperties) = preSolution
		HideSolutionNode = FALSE
	EndGlobalSection
	GlobalSection(ExtensibilityGlobals) = postSolution
		SolutionGuid = {F378A2A3-30A4-4848-8D01-9E75CDE9C7F2}
	EndGlobalSection
EndGlobal
